
Microsoft Visual Studio Solution File, Format Version 12.00
# Visual Studio 15
VisualStudioVersion = 15.0.26730.15
MinimumVisualStudioVersion = 10.0.40219.1
Project("{FAE04EC0-301F-11D3-BF4B-00C04F79EFBC}") = "Pixel.Web.Helpers", "Pixel.Web.Helpers\Pixel.Web.Helpers.csproj", "{0FDED2A2-9797-4F33-9E5E-31F20BB15C73}"
EndProject
Project("{FAE04EC0-301F-11D3-BF4B-00C04F79EFBC}") = "Pixel.Utils", "Pixel.Utils\Pixel.Utils.csproj", "{D9DB879E-9F83-4108-A561-26EDD12A15B2}"
EndProject
Global
	GlobalSection(SolutionConfigurationPlatforms) = preSolution
		Debug|Any CPU = Debug|Any CPU
		Release|Any CPU = Release|Any CPU
	EndGlobalSection
	GlobalSection(ProjectConfigurationPlatforms) = postSolution
		{0FDED2A2-9797-4F33-9E5E-31F20BB15C73}.Debug|Any CPU.ActiveCfg = Debug|Any CPU
		{0FDED2A2-9797-4F33-9E5E-31F20BB15C73}.Debug|Any CPU.Build.0 = Debug|Any CPU
		{0FDED2A2-9797-4F33-9E5E-31F20BB15C73}.Release|Any CPU.ActiveCfg = Release|Any CPU
		{0FDED2A2-9797-4F33-9E5E-31F20BB15C73}.Release|Any CPU.Build.0 = Release|Any CPU
		{D9DB879E-9F83-4108-A561-26EDD12A15B2}.Debug|Any CPU.ActiveCfg = Debug|Any CPU
		{D9DB879E-9F83-4108-A561-26EDD12A15B2}.Debug|Any CPU.Build.0 = Debug|Any CPU
		{D9DB879E-9F83-4108-A561-26EDD12A15B2}.Release|Any CPU.ActiveCfg = Release|Any CPU
		{D9DB879E-9F83-4108-A561-26EDD12A15B2}.Release|Any CPU.Build.0 = Release|Any CPU
	EndGlobalSection
	GlobalSection(SolutionProperties) = preSolution
		HideSolutionNode = FALSE
	EndGlobalSection
	GlobalSection(ExtensibilityGlobals) = postSolution
		SolutionGuid = {A07DA0E9-AED4-40EC-8A10-BD29D35BFA7C}
	EndGlobalSection
EndGlobal
